// !$*UTF8*$!
{
	archiveVersion = 1;
	classes = {
	};
	objectVersion = 50;
	objects = {

/* Begin PBXBuildFile section */
		EA72F36423DAA5760038D9E8 /* AppDelegate.swift in Sources */ = {isa = PBXBuildFile; fileRef = EA72F36323DAA5760038D9E8 /* AppDelegate.swift */; };
		EA72F36623DAA5760038D9E8 /* SceneDelegate.swift in Sources */ = {isa = PBXBuildFile; fileRef = EA72F36523DAA5760038D9E8 /* SceneDelegate.swift */; };
		EA72F36823DAA5760038D9E8 /* ViewController.swift in Sources */ = {isa = PBXBuildFile; fileRef = EA72F36723DAA5760038D9E8 /* ViewController.swift */; };
		EA72F36B23DAA5760038D9E8 /* Main.storyboard in Resources */ = {isa = PBXBuildFile; fileRef = EA72F36923DAA5760038D9E8 /* Main.storyboard */; };
		EA72F36D23DAA57D0038D9E8 /* Assets.xcassets in Resources */ = {isa = PBXBuildFile; fileRef = EA72F36C23DAA57D0038D9E8 /* Assets.xcassets */; };
		EA72F37023DAA57D0038D9E8 /* LaunchScreen.storyboard in Resources */ = {isa = PBXBuildFile; fileRef = EA72F36E23DAA57D0038D9E8 /* LaunchScreen.storyboard */; };
		EA72F37B23DAA57E0038D9E8 /* tipTests.swift in Sources */ = {isa = PBXBuildFile; fileRef = EA72F37A23DAA57E0038D9E8 /* tipTests.swift */; };
		EA72F38623DAA57E0038D9E8 /* tipUITests.swift in Sources */ = {isa = PBXBuildFile; fileRef = EA72F38523DAA57E0038D9E8 /* tipUITests.swift */; };
/* End PBXBuildFile section */

/* Begin PBXContainerItemProxy section */
		EA72F37723DAA57E0038D9E8 /* PBXContainerItemProxy */ = {
			isa = PBXContainerItemProxy;
			containerPortal = EA72F35823DAA5750038D9E8 /* Project object */;
			proxyType = 1;
			remoteGlobalIDString = EA72F35F23DAA5760038D9E8;
			remoteInfo = tip;
		};
		EA72F38223DAA57E0038D9E8 /* PBXContainerItemProxy */ = {
			isa = PBXContainerItemProxy;
			containerPortal = EA72F35823DAA5750038D9E8 /* Project object */;
			proxyType = 1;
			remoteGlobalIDString = EA72F35F23DAA5760038D9E8;
			remoteInfo = tip;
		};
/* End PBXContainerItemProxy section */

/* Begin PBXFileReference section */
		EA72F36023DAA5760038D9E8 /* tip.app */ = {isa = PBXFileReference; explicitFileType = wrapper.application; includeInIndex = 0; path = tip.app; sourceTree = BUILT_PRODUCTS_DIR; };
		EA72F36323DAA5760038D9E8 /* AppDelegate.swift */ = {isa = PBXFileReference; lastKnownFileType = sourcecode.swift; path = AppDelegate.swift; sourceTree = "<group>"; };
		EA72F36523DAA5760038D9E8 /* SceneDelegate.swift */ = {isa = PBXFileReference; lastKnownFileType = sourcecode.swift; path = SceneDelegate.swift; sourceTree = "<group>"; };
		EA72F36723DAA5760038D9E8 /* ViewController.swift */ = {isa = PBXFileReference; lastKnownFileType = sourcecode.swift; path = ViewController.swift; sourceTree = "<group>"; };
		EA72F36A23DAA5760038D9E8 /* Base */ = {isa = PBXFileReference; lastKnownFileType = file.storyboard; name = Base; path = Base.lproj/Main.storyboard; sourceTree = "<group>"; };
		EA72F36C23DAA57D0038D9E8 /* Assets.xcassets */ = {isa = PBXFileReference; lastKnownFileType = folder.assetcatalog; path = Assets.xcassets; sourceTree = "<group>"; };
		EA72F36F23DAA57D0038D9E8 /* Base */ = {isa = PBXFileReference; lastKnownFileType = file.storyboard; name = Base; path = Base.lproj/LaunchScreen.storyboard; sourceTree = "<group>"; };
		EA72F37123DAA57D0038D9E8 /* Info.plist */ = {isa = PBXFileReference; lastKnownFileType = text.plist.xml; path = Info.plist; sourceTree = "<group>"; };
		EA72F37623DAA57E0038D9E8 /* tipTests.xctest */ = {isa = PBXFileReference; explicitFileType = wrapper.cfbundle; includeInIndex = 0; path = tipTests.xctest; sourceTree = BUILT_PRODUCTS_DIR; };
		EA72F37A23DAA57E0038D9E8 /* tipTests.swift */ = {isa = PBXFileReference; lastKnownFileType = sourcecode.swift; path = tipTests.swift; sourceTree = "<group>"; };
		EA72F37C23DAA57E0038D9E8 /* Info.plist */ = {isa = PBXFileReference; lastKnownFileType = text.plist.xml; path = Info.plist; sourceTree = "<group>"; };
		EA72F38123DAA57E0038D9E8 /* tipUITests.xctest */ = {isa = PBXFileReference; explicitFileType = wrapper.cfbundle; includeInIndex = 0; path = tipUITests.xctest; sourceTree = BUILT_PRODUCTS_DIR; };
		EA72F38523DAA57E0038D9E8 /* tipUITests.swift */ = {isa = PBXFileReference; lastKnownFileType = sourcecode.swift; path = tipUITests.swift; sourceTree = "<group>"; };
		EA72F38723DAA57E0038D9E8 /* Info.plist */ = {isa = PBXFileReference; lastKnownFileType = text.plist.xml; path = Info.plist; sourceTree = "<group>"; };
/* End PBXFileReference section */

/* Begin PBXFrameworksBuildPhase section */
		EA72F35D23DAA5760038D9E8 /* Frameworks */ = {
			isa = PBXFrameworksBuildPhase;
			buildActionMask = 2147483647;
			files = (
			);
			runOnlyForDeploymentPostprocessing = 0;
		};
		EA72F37323DAA57E0038D9E8 /* Frameworks */ = {
			isa = PBXFrameworksBuildPhase;
			buildActionMask = 2147483647;
			files = (
			);
			runOnlyForDeploymentPostprocessing = 0;
		};
		EA72F37E23DAA57E0038D9E8 /* Frameworks */ = {
			isa = PBXFrameworksBuildPhase;
			buildActionMask = 2147483647;
			files = (
			);
			runOnlyForDeploymentPostprocessing = 0;
		};
/* End PBXFrameworksBuildPhase section */

/* Begin PBXGroup section */
		EA72F35723DAA5750038D9E8 = {
			isa = PBXGroup;
			children = (
				EA72F36223DAA5760038D9E8 /* tip */,
				EA72F37923DAA57E0038D9E8 /* tipTests */,
				EA72F38423DAA57E0038D9E8 /* tipUITests */,
				EA72F36123DAA5760038D9E8 /* Products */,
			);
			sourceTree = "<group>";
		};
		EA72F36123DAA5760038D9E8 /* Products */ = {
			isa = PBXGroup;
			children = (
				EA72F36023DAA5760038D9E8 /* tip.app */,
				EA72F37623DAA57E0038D9E8 /* tipTests.xctest */,
				EA72F38123DAA57E0038D9E8 /* tipUITests.xctest */,
			);
			name = Products;
			sourceTree = "<group>";
		};
		EA72F36223DAA5760038D9E8 /* tip */ = {
			isa = PBXGroup;
			children = (
				EA72F36323DAA5760038D9E8 /* AppDelegate.swift */,
				EA72F36523DAA5760038D9E8 /* SceneDelegate.swift */,
				EA72F36723DAA5760038D9E8 /* ViewController.swift */,
				EA72F36923DAA5760038D9E8 /* Main.storyboard */,
				EA72F36C23DAA57D0038D9E8 /* Assets.xcassets */,
				EA72F36E23DAA57D0038D9E8 /* LaunchScreen.storyboard */,
				EA72F37123DAA57D0038D9E8 /* Info.plist */,
			);
			path = tip;
			sourceTree = "<group>";
		};
		EA72F37923DAA57E0038D9E8 /* tipTests */ = {
			isa = PBXGroup;
			children = (
				EA72F37A23DAA57E0038D9E8 /* tipTests.swift */,
				EA72F37C23DAA57E0038D9E8 /* Info.plist */,
			);
			path = tipTests;
			sourceTree = "<group>";
		};
		EA72F38423DAA57E0038D9E8 /* tipUITests */ = {
			isa = PBXGroup;
			children = (
				EA72F38523DAA57E0038D9E8 /* tipUITests.swift */,
				EA72F38723DAA57E0038D9E8 /* Info.plist */,
			);
			path = tipUITests;
			sourceTree = "<group>";
		};
/* End PBXGroup section */

/* Begin PBXNativeTarget section */
		EA72F35F23DAA5760038D9E8 /* tip */ = {
			isa = PBXNativeTarget;
			buildConfigurationList = EA72F38A23DAA57E0038D9E8 /* Build configuration list for PBXNativeTarget "tip" */;
			buildPhases = (
				EA72F35C23DAA5760038D9E8 /* Sources */,
				EA72F35D23DAA5760038D9E8 /* Frameworks */,
				EA72F35E23DAA5760038D9E8 /* Resources */,
			);
			buildRules = (
			);
			dependencies = (
			);
			name = tip;
			productName = tip;
			productReference = EA72F36023DAA5760038D9E8 /* tip.app */;
			productType = "com.apple.product-type.application";
		};
		EA72F37523DAA57E0038D9E8 /* tipTests */ = {
			isa = PBXNativeTarget;
			buildConfigurationList = EA72F38D23DAA57E0038D9E8 /* Build configuration list for PBXNativeTarget "tipTests" */;
			buildPhases = (
				EA72F37223DAA57E0038D9E8 /* Sources */,
				EA72F37323DAA57E0038D9E8 /* Frameworks */,
				EA72F37423DAA57E0038D9E8 /* Resources */,
			);
			buildRules = (
			);
			dependencies = (
				EA72F37823DAA57E0038D9E8 /* PBXTargetDependency */,
			);
			name = tipTests;
			productName = tipTests;
			productReference = EA72F37623DAA57E0038D9E8 /* tipTests.xctest */;
			productType = "com.apple.product-type.bundle.unit-test";
		};
		EA72F38023DAA57E0038D9E8 /* tipUITests */ = {
			isa = PBXNativeTarget;
			buildConfigurationList = EA72F39023DAA57E0038D9E8 /* Build configuration list for PBXNativeTarget "tipUITests" */;
			buildPhases = (
				EA72F37D23DAA57E0038D9E8 /* Sources */,
				EA72F37E23DAA57E0038D9E8 /* Frameworks */,
				EA72F37F23DAA57E0038D9E8 /* Resources */,
			);
			buildRules = (
			);
			dependencies = (
				EA72F38323DAA57E0038D9E8 /* PBXTargetDependency */,
			);
			name = tipUITests;
			productName = tipUITests;
			productReference = EA72F38123DAA57E0038D9E8 /* tipUITests.xctest */;
			productType = "com.apple.product-type.bundle.ui-testing";
		};
/* End PBXNativeTarget section */

/* Begin PBXProject section */
		EA72F35823DAA5750038D9E8 /* Project object */ = {
			isa = PBXProject;
			attributes = {
				LastSwiftUpdateCheck = 1130;
				LastUpgradeCheck = 1130;
				ORGANIZATIONNAME = "Mark Hughes";
				TargetAttributes = {
					EA72F35F23DAA5760038D9E8 = {
						CreatedOnToolsVersion = 11.3.1;
					};
					EA72F37523DAA57E0038D9E8 = {
						CreatedOnToolsVersion = 11.3.1;
						TestTargetID = EA72F35F23DAA5760038D9E8;
					};
					EA72F38023DAA57E0038D9E8 = {
						CreatedOnToolsVersion = 11.3.1;
						TestTargetID = EA72F35F23DAA5760038D9E8;
					};
				};
			};
			buildConfigurationList = EA72F35B23DAA5760038D9E8 /* Build configuration list for PBXProject "tip" */;
			compatibilityVersion = "Xcode 9.3";
			developmentRegion = en;
			hasScannedForEncodings = 0;
			knownRegions = (
				en,
				Base,
			);
			mainGroup = EA72F35723DAA5750038D9E8;
			productRefGroup = EA72F36123DAA5760038D9E8 /* Products */;
			projectDirPath = "";
			projectRoot = "";
			targets = (
				EA72F35F23DAA5760038D9E8 /* tip */,
				EA72F37523DAA57E0038D9E8 /* tipTests */,
				EA72F38023DAA57E0038D9E8 /* tipUITests */,
			);
		};
/* End PBXProject section */

/* Begin PBXResourcesBuildPhase section */
		EA72F35E23DAA5760038D9E8 /* Resources */ = {
			isa = PBXResourcesBuildPhase;
			buildActionMask = 2147483647;
			files = (
				EA72F37023DAA57D0038D9E8 /* LaunchScreen.storyboard in Resources */,
				EA72F36D23DAA57D0038D9E8 /* Assets.xcassets in Resources */,
				EA72F36B23DAA5760038D9E8 /* Main.storyboard in Resources */,
			);
			runOnlyForDeploymentPostprocessing = 0;
		};
		EA72F37423DAA57E0038D9E8 /* Resources */ = {
			isa = PBXResourcesBuildPhase;
			buildActionMask = 2147483647;
			files = (
			);
			runOnlyForDeploymentPostprocessing = 0;
		};
		EA72F37F23DAA57E0038D9E8 /* Resources */ = {
			isa = PBXResourcesBuildPhase;
			buildActionMask = 2147483647;
			files = (
			);
			runOnlyForDeploymentPostprocessing = 0;
		};
/* End PBXResourcesBuildPhase section */

/* Begin PBXSourcesBuildPhase section */
		EA72F35C23DAA5760038D9E8 /* Sources */ = {
			isa = PBXSourcesBuildPhase;
			buildActionMask = 2147483647;
			files = (
				EA72F36823DAA5760038D9E8 /* ViewController.swift in Sources */,
				EA72F36423DAA5760038D9E8 /* AppDelegate.swift in Sources */,
				EA72F36623DAA5760038D9E8 /* SceneDelegate.swift in Sources */,
			);
			runOnlyForDeploymentPostprocessing = 0;
		};
		EA72F37223DAA57E0038D9E8 /* Sources */ = {
			isa = PBXSourcesBuildPhase;
			buildActionMask = 2147483647;
			files = (
				EA72F37B23DAA57E0038D9E8 /* tipTests.swift in Sources */,
			);
			runOnlyForDeploymentPostprocessing = 0;
		};
		EA72F37D23DAA57E0038D9E8 /* Sources */ = {
			isa = PBXSourcesBuildPhase;
			buildActionMask = 2147483647;
			files = (
				EA72F38623DAA57E0038D9E8 /* tipUITests.swift in Sources */,
			);
			runOnlyForDeploymentPostprocessing = 0;
		};
/* End PBXSourcesBuildPhase section */

/* Begin PBXTargetDependency section */
		EA72F37823DAA57E0038D9E8 /* PBXTargetDependency */ = {
			isa = PBXTargetDependency;
			target = EA72F35F23DAA5760038D9E8 /* tip */;
			targetProxy = EA72F37723DAA57E0038D9E8 /* PBXContainerItemProxy */;
		};
		EA72F38323DAA57E0038D9E8 /* PBXTargetDependency */ = {
			isa = PBXTargetDependency;
			target = EA72F35F23DAA5760038D9E8 /* tip */;
			targetProxy = EA72F38223DAA57E0038D9E8 /* PBXContainerItemProxy */;
		};
/* End PBXTargetDependency section */

/* Begin PBXVariantGroup section */
		EA72F36923DAA5760038D9E8 /* Main.storyboard */ = {
			isa = PBXVariantGroup;
			children = (
				EA72F36A23DAA5760038D9E8 /* Base */,
			);
			name = Main.storyboard;
			sourceTree = "<group>";
		};
		EA72F36E23DAA57D0038D9E8 /* LaunchScreen.storyboard */ = {
			isa = PBXVariantGroup;
			children = (
				EA72F36F23DAA57D0038D9E8 /* Base */,
			);
			name = LaunchScreen.storyboard;
			sourceTree = "<group>";
		};
/* End PBXVariantGroup section */

/* Begin XCBuildConfiguration section */
		EA72F38823DAA57E0038D9E8 /* Debug */ = {
			isa = XCBuildConfiguration;
			buildSettings = {
				ALWAYS_SEARCH_USER_PATHS = NO;
				CLANG_ANALYZER_NONNULL = YES;
				CLANG_ANALYZER_NUMBER_OBJECT_CONVERSION = YES_AGGRESSIVE;
				CLANG_CXX_LANGUAGE_STANDARD = "gnu++14";
				CLANG_CXX_LIBRARY = "libc++";
				CLANG_ENABLE_MODULES = YES;
				CLANG_ENABLE_OBJC_ARC = YES;
				CLANG_ENABLE_OBJC_WEAK = YES;
				CLANG_WARN_BLOCK_CAPTURE_AUTORELEASING = YES;
				CLANG_WARN_BOOL_CONVERSION = YES;
				CLANG_WARN_COMMA = YES;
				CLANG_WARN_CONSTANT_CONVERSION = YES;
				CLANG_WARN_DEPRECATED_OBJC_IMPLEMENTATIONS = YES;
				CLANG_WARN_DIRECT_OBJC_ISA_USAGE = YES_ERROR;
				CLANG_WARN_DOCUMENTATION_COMMENTS = YES;
				CLANG_WARN_EMPTY_BODY = YES;
				CLANG_WARN_ENUM_CONVERSION = YES;
				CLANG_WARN_INFINITE_RECURSION = YES;
				CLANG_WARN_INT_CONVERSION = YES;
				CLANG_WARN_NON_LITERAL_NULL_CONVERSION = YES;
				CLANG_WARN_OBJC_IMPLICIT_RETAIN_SELF = YES;
				CLANG_WARN_OBJC_LITERAL_CONVERSION = YES;
				CLANG_WARN_OBJC_ROOT_CLASS = YES_ERROR;
				CLANG_WARN_RANGE_LOOP_ANALYSIS = YES;
				CLANG_WARN_STRICT_PROTOTYPES = YES;
				CLANG_WARN_SUSPICIOUS_MOVE = YES;
				CLANG_WARN_UNGUARDED_AVAILABILITY = YES_AGGRESSIVE;
				CLANG_WARN_UNREACHABLE_CODE = YES;
				CLANG_WARN__DUPLICATE_METHOD_MATCH = YES;
				COPY_PHASE_STRIP = NO;
				DEBUG_INFORMATION_FORMAT = dwarf;
				ENABLE_STRICT_OBJC_MSGSEND = YES;
				ENABLE_TESTABILITY = YES;
				GCC_C_LANGUAGE_STANDARD = gnu11;
				GCC_DYNAMIC_NO_PIC = NO;
				GCC_NO_COMMON_BLOCKS = YES;
				GCC_OPTIMIZATION_LEVEL = 0;
				GCC_PREPROCESSOR_DEFINITIONS = (
					"DEBUG=1",
					"$(inherited)",
				);
				GCC_WARN_64_TO_32_BIT_CONVERSION = YES;
				GCC_WARN_ABOUT_RETURN_TYPE = YES_ERROR;
				GCC_WARN_UNDECLARED_SELECTOR = YES;
				GCC_WARN_UNINITIALIZED_AUTOS = YES_AGGRESSIVE;
				GCC_WARN_UNUSED_FUNCTION = YES;
				GCC_WARN_UNUSED_VARIABLE = YES;
				IPHONEOS_DEPLOYMENT_TARGET = 13.2;
				MTL_ENABLE_DEBUG_INFO = INCLUDE_SOURCE;
				MTL_FAST_MATH = YES;
				ONLY_ACTIVE_ARCH = YES;
				SDKROOT = iphoneos;
				SWIFT_ACTIVE_COMPILATION_CONDITIONS = DEBUG;
				SWIFT_OPTIMIZATION_LEVEL = "-Onone";
			};
			name = Debug;
		};
		EA72F38923DAA57E0038D9E8 /* Release */ = {
			isa = XCBuildConfiguration;
			buildSettings = {
				ALWAYS_SEARCH_USER_PATHS = NO;
				CLANG_ANALYZER_NONNULL = YES;
				CLANG_ANALYZER_NUMBER_OBJECT_CONVERSION = YES_AGGRESSIVE;
				CLANG_CXX_LANGUAGE_STANDARD = "gnu++14";
				CLANG_CXX_LIBRARY = "libc++";
				CLANG_ENABLE_MODULES = YES;
				CLANG_ENABLE_OBJC_ARC = YES;
				CLANG_ENABLE_OBJC_WEAK = YES;
				CLANG_WARN_BLOCK_CAPTURE_AUTORELEASING = YES;
				CLANG_WARN_BOOL_CONVERSION = YES;
				CLANG_WARN_COMMA = YES;
				CLANG_WARN_CONSTANT_CONVERSION = YES;
				CLANG_WARN_DEPRECATED_OBJC_IMPLEMENTATIONS = YES;
				CLANG_WARN_DIRECT_OBJC_ISA_USAGE = YES_ERROR;
				CLANG_WARN_DOCUMENTATION_COMMENTS = YES;
				CLANG_WARN_EMPTY_BODY = YES;
				CLANG_WARN_ENUM_CONVERSION = YES;
				CLANG_WARN_INFINITE_RECURSION = YES;
				CLANG_WARN_INT_CONVERSION = YES;
				CLANG_WARN_NON_LITERAL_NULL_CONVERSION = YES;
				CLANG_WARN_OBJC_IMPLICIT_RETAIN_SELF = YES;
				CLANG_WARN_OBJC_LITERAL_CONVERSION = YES;
				CLANG_WARN_OBJC_ROOT_CLASS = YES_ERROR;
				CLANG_WARN_RANGE_LOOP_ANALYSIS = YES;
				CLANG_WARN_STRICT_PROTOTYPES = YES;
				CLANG_WARN_SUSPICIOUS_MOVE = YES;
				CLANG_WARN_UNGUARDED_AVAILABILITY = YES_AGGRESSIVE;
				CLANG_WARN_UNREACHABLE_CODE = YES;
				CLANG_WARN__DUPLICATE_METHOD_MATCH = YES;
				COPY_PHASE_STRIP = NO;
				DEBUG_INFORMATION_FORMAT = "dwarf-with-dsym";
				ENABLE_NS_ASSERTIONS = NO;
				ENABLE_STRICT_OBJC_MSGSEND = YES;
				GCC_C_LANGUAGE_STANDARD = gnu11;
				GCC_NO_COMMON_BLOCKS = YES;
				GCC_WARN_64_TO_32_BIT_CONVERSION = YES;
				GCC_WARN_ABOUT_RETURN_TYPE = YES_ERROR;
				GCC_WARN_UNDECLARED_SELECTOR = YES;
				GCC_WARN_UNINITIALIZED_AUTOS = YES_AGGRESSIVE;
				GCC_WARN_UNUSED_FUNCTION = YES;
				GCC_WARN_UNUSED_VARIABLE = YES;
				IPHONEOS_DEPLOYMENT_TARGET = 13.2;
				MTL_ENABLE_DEBUG_INFO = NO;
				MTL_FAST_MATH = YES;
				SDKROOT = iphoneos;
				SWIFT_COMPILATION_MODE = wholemodule;
				SWIFT_OPTIMIZATION_LEVEL = "-O";
				VALIDATE_PRODUCT = YES;
			};
			name = Release;
		};
		EA72F38B23DAA57E0038D9E8 /* Debug */ = {
			isa = XCBuildConfiguration;
			buildSettings = {
				ASSETCATALOG_COMPILER_APPICON_NAME = AppIcon;
				CODE_SIGN_STYLE = Automatic;
				INFOPLIST_FILE = tip/Info.plist;
				LD_RUNPATH_SEARCH_PATHS = (
					"$(inherited)",
					"@executable_path/Frameworks",
				);
				PRODUCT_BUNDLE_IDENTIFIER = com.codepath.tip;
				PRODUCT_NAME = "$(TARGET_NAME)";
				SWIFT_VERSION = 5.0;
				TARGETED_DEVICE_FAMILY = "1,2";
			};
			name = Debug;
		};
		EA72F38C23DAA57E0038D9E8 /* Release */ = {
			isa = XCBuildConfiguration;
			buildSettings = {
				ASSETCATALOG_COMPILER_APPICON_NAME = AppIcon;
				CODE_SIGN_STYLE = Automatic;
				INFOPLIST_FILE = tip/Info.plist;
				LD_RUNPATH_SEARCH_PATHS = (
					"$(inherited)",
					"@executable_path/Frameworks",
				);
				PRODUCT_BUNDLE_IDENTIFIER = com.codepath.tip;
				PRODUCT_NAME = "$(TARGET_NAME)";
				SWIFT_VERSION = 5.0;
				TARGETED_DEVICE_FAMILY = "1,2";
			};
			name = Release;
		};
		EA72F38E23DAA57E0038D9E8 /* Debug */ = {
			isa = XCBuildConfiguration;
			buildSettings = {
				ALWAYS_EMBED_SWIFT_STANDARD_LIBRARIES = YES;
				BUNDLE_LOADER = "$(TEST_HOST)";
				CODE_SIGN_STYLE = Automatic;
				INFOPLIST_FILE = tipTests/Info.plist;
				IPHONEOS_DEPLOYMENT_TARGET = 13.2;
				LD_RUNPATH_SEARCH_PATHS = (
					"$(inherited)",
					"@executable_path/Frameworks",
					"@loader_path/Frameworks",
				);
				PRODUCT_BUNDLE_IDENTIFIER = com.codepath.tipTests;
				PRODUCT_NAME = "$(TARGET_NAME)";
				SWIFT_VERSION = 5.0;
				TARGETED_DEVICE_FAMILY = "1,2";
				TEST_HOST = "$(BUILT_PRODUCTS_DIR)/tip.app/tip";
			};
			name = Debug;
		};
		EA72F38F23DAA57E0038D9E8 /* Release */ = {
			isa = XCBuildConfiguration;
			buildSettings = {
				ALWAYS_EMBED_SWIFT_STANDARD_LIBRARIES = YES;
				BUNDLE_LOADER = "$(TEST_HOST)";
				CODE_SIGN_STYLE = Automatic;
				INFOPLIST_FILE = tipTests/Info.plist;
				IPHONEOS_DEPLOYMENT_TARGET = 13.2;
				LD_RUNPATH_SEARCH_PATHS = (
					"$(inherited)",
					"@executable_path/Frameworks",
					"@loader_path/Frameworks",
				);
				PRODUCT_BUNDLE_IDENTIFIER = com.codepath.tipTests;
				PRODUCT_NAME = "$(TARGET_NAME)";
				SWIFT_VERSION = 5.0;
				TARGETED_DEVICE_FAMILY = "1,2";
				TEST_HOST = "$(BUILT_PRODUCTS_DIR)/tip.app/tip";
			};
			name = Release;
		};
		EA72F39123DAA57E0038D9E8 /* Debug */ = {
			isa = XCBuildConfiguration;
			buildSettings = {
				ALWAYS_EMBED_SWIFT_STANDARD_LIBRARIES = YES;
				CODE_SIGN_STYLE = Automatic;
				INFOPLIST_FILE = tipUITests/Info.plist;
				LD_RUNPATH_SEARCH_PATHS = (
					"$(inherited)",
					"@executable_path/Frameworks",
					"@loader_path/Frameworks",
				);
				PRODUCT_BUNDLE_IDENTIFIER = com.codepath.tipUITests;
				PRODUCT_NAME = "$(TARGET_NAME)";
				SWIFT_VERSION = 5.0;
				TARGETED_DEVICE_FAMILY = "1,2";
				TEST_TARGET_NAME = tip;
			};
			name = Debug;
		};
		EA72F39223DAA57E0038D9E8 /* Release */ = {
			isa = XCBuildConfiguration;
			buildSettings = {
				ALWAYS_EMBED_SWIFT_STANDARD_LIBRARIES = YES;
				CODE_SIGN_STYLE = Automatic;
				INFOPLIST_FILE = tipUITests/Info.plist;
				LD_RUNPATH_SEARCH_PATHS = (
					"$(inherited)",
					"@executable_path/Frameworks",
					"@loader_path/Frameworks",
				);
				PRODUCT_BUNDLE_IDENTIFIER = com.codepath.tipUITests;
				PRODUCT_NAME = "$(TARGET_NAME)";
				SWIFT_VERSION = 5.0;
				TARGETED_DEVICE_FAMILY = "1,2";
				TEST_TARGET_NAME = tip;
			};
			name = Release;
		};
/* End XCBuildConfiguration section */

/* Begin XCConfigurationList section */
		EA72F35B23DAA5760038D9E8 /* Build configuration list for PBXProject "tip" */ = {
			isa = XCConfigurationList;
			buildConfigurations = (
				EA72F38823DAA57E0038D9E8 /* Debug */,
				EA72F38923DAA57E0038D9E8 /* Release */,
			);
			defaultConfigurationIsVisible = 0;
			defaultConfigurationName = Release;
		};
		EA72F38A23DAA57E0038D9E8 /* Build configuration list for PBXNativeTarget "tip" */ = {
			isa = XCConfigurationList;
			buildConfigurations = (
				EA72F38B23DAA57E0038D9E8 /* Debug */,
				EA72F38C23DAA57E0038D9E8 /* Release */,
			);
			defaultConfigurationIsVisible = 0;
			defaultConfigurationName = Release;
		};
		EA72F38D23DAA57E0038D9E8 /* Build configuration list for PBXNativeTarget "tipTests" */ = {
			isa = XCConfigurationList;
			buildConfigurations = (
				EA72F38E23DAA57E0038D9E8 /* Debug */,
				EA72F38F23DAA57E0038D9E8 /* Release */,
			);
			defaultConfigurationIsVisible = 0;
			defaultConfigurationName = Release;
		};
		EA72F39023DAA57E0038D9E8 /* Build configuration list for PBXNativeTarget "tipUITests" */ = {
			isa = XCConfigurationList;
			buildConfigurations = (
				EA72F39123DAA57E0038D9E8 /* Debug */,
				EA72F39223DAA57E0038D9E8 /* Release */,
			);
			defaultConfigurationIsVisible = 0;
			defaultConfigurationName = Release;
		};
/* End XCConfigurationList section */
	};
	rootObject = EA72F35823DAA5750038D9E8 /* Project object */;
}
